
Microsoft Visual Studio Solution File, Format Version 12.00
# Visual Studio 15
Project("{FAE04EC0-301F-11D3-BF4B-00C04F79EFBC}") = "UnityEngine.TestRunner", "UnityEngine.TestRunner.csproj", "{452BF586-A501-36F1-7900-7BF106694060}"
EndProject
Project("{FAE04EC0-301F-11D3-BF4B-00C04F79EFBC}") = "UnityEngine.UI", "UnityEngine.UI.csproj", "{8EF17E5F-3A03-5A2C-8030-1BF6306926F8}"
EndProject
Project("{FAE04EC0-301F-11D3-BF4B-00C04F79EFBC}") = "Unity.Mathematics", "Unity.Mathematics.csproj", "{12DF46E5-8F15-ACF8-76AE-A40772E5B00D}"
EndProject
Project("{FAE04EC0-301F-11D3-BF4B-00C04F79EFBC}") = "Unity.VisualScripting.State", "Unity.VisualScripting.State.csproj", "{38AD17B9-255A-C052-4254-BCD8C7B7F50D}"
EndProject
Project("{FAE04EC0-301F-11D3-BF4B-00C04F79EFBC}") = "Unity.VisualScripting.Core", "Unity.VisualScripting.Core.csproj", "{3D5DA3FD-4932-5170-C177-04B812ADA08D}"
EndProject
Project("{FAE04EC0-301F-11D3-BF4B-00C04F79EFBC}") = "Unity.VisualScripting.Flow", "Unity.VisualScripting.Flow.csproj", "{34E71423-4CFE-658D-B0D6-E0DCFC2F9471}"
EndProject
Project("{FAE04EC0-301F-11D3-BF4B-00C04F79EFBC}") = "Unity.2D.Animation.Runtime", "Unity.2D.Animation.Runtime.csproj", "{947C489B-2D20-D469-7F3E-6173F1B3F41C}"
EndProject
Project("{FAE04EC0-301F-11D3-BF4B-00C04F79EFBC}") = "Unity.TextMeshPro", "Unity.TextMeshPro.csproj", "{8F72DE05-7EF8-EBFA-6413-8B03D0399079}"
EndProject
Project("{FAE04EC0-301F-11D3-BF4B-00C04F79EFBC}") = "Unity.Timeline", "Unity.Timeline.csproj", "{DFD56D3D-5900-6F5B-BCE7-5B819AF5AB93}"
EndProject
Project("{FAE04EC0-301F-11D3-BF4B-00C04F79EFBC}") = "Unity.2D.SpriteShape.Runtime", "Unity.2D.SpriteShape.Runtime.csproj", "{EBEF335E-CC78-5E0A-F749-3BB366F79D9F}"
EndProject
Project("{FAE04EC0-301F-11D3-BF4B-00C04F79EFBC}") = "Unity.2D.Animation.Triangle.Runtime", "Unity.2D.Animation.Triangle.Runtime.csproj", "{AF4725E9-CD9A-D8A2-B03A-1FA6285608E8}"
EndProject
Project("{FAE04EC0-301F-11D3-BF4B-00C04F79EFBC}") = "Unity.2D.PixelPerfect", "Unity.2D.PixelPerfect.csproj", "{BE9A1C3E-E082-643A-450D-B00F7F90ACBB}"
EndProject
Project("{FAE04EC0-301F-11D3-BF4B-00C04F79EFBC}") = "Unity.2D.IK.Runtime", "Unity.2D.IK.Runtime.csproj", "{A9BA05F8-A011-9409-512B-80AF45F9409F}"
EndProject
Project("{FAE04EC0-301F-11D3-BF4B-00C04F79EFBC}") = "Unity.2D.Common.Runtime", "Unity.2D.Common.Runtime.csproj", "{E7B61F69-1008-8BCD-74F0-90B0DC6D5675}"
EndProject
Project("{FAE04EC0-301F-11D3-BF4B-00C04F79EFBC}") = "Unity.InternalAPIEngineBridge.001", "Unity.InternalAPIEngineBridge.001.csproj", "{E076E41D-CA74-E9F7-345A-D37F82690C7C}"
EndProject
Project("{FAE04EC0-301F-11D3-BF4B-00C04F79EFBC}") = "Unity.VisualScripting.Core.Editor", "Unity.VisualScripting.Core.Editor.csproj", "{9A1A1360-D34E-0F5C-4FF4-5AF9E891B610}"
EndProject
Project("{FAE04EC0-301F-11D3-BF4B-00C04F79EFBC}") = "Unity.VisualStudio.Editor", "Unity.VisualStudio.Editor.csproj", "{CB19BF2C-F554-BF3C-4265-541091DAA377}"
EndProject
Project("{FAE04EC0-301F-11D3-BF4B-00C04F79EFBC}") = "Unity.Timeline.Editor", "Unity.Timeline.Editor.csproj", "{33DF1F95-8DC2-CE02-2EF6-FBC6600370A3}"
EndProject
Project("{FAE04EC0-301F-11D3-BF4B-00C04F79EFBC}") = "Unity.VisualScripting.State.Editor", "Unity.VisualScripting.State.Editor.csproj", "{18B87302-96D8-7104-505F-138A3355703E}"
EndProject
Project("{FAE04EC0-301F-11D3-BF4B-00C04F79EFBC}") = "Unity.TextMeshPro.Editor", "Unity.TextMeshPro.Editor.csproj", "{C8BB20E2-7F15-E530-7C31-0DDED5553562}"
EndProject
Project("{FAE04EC0-301F-11D3-BF4B-00C04F79EFBC}") = "Unity.2D.Animation.Editor", "Unity.2D.Animation.Editor.csproj", "{FB5434AA-7D4D-B85F-BD87-B758AFBB7526}"
EndProject
Project("{FAE04EC0-301F-11D3-BF4B-00C04F79EFBC}") = "VSSettingsProvider", "VSSettingsProvider.csproj", "{A17AE0FC-873D-7B72-7355-8298233D9F1E}"
EndProject
Project("{FAE04EC0-301F-11D3-BF4B-00C04F79EFBC}") = "Unity.CollabProxy.Editor", "Unity.CollabProxy.Editor.csproj", "{9036A5C2-3573-C985-91F0-00F97B743CC9}"
EndProject
Project("{FAE04EC0-301F-11D3-BF4B-00C04F79EFBC}") = "UnityEditor.TestRunner", "UnityEditor.TestRunner.csproj", "{60FE982C-229E-8015-7A20-A674122507A5}"
EndProject
Project("{FAE04EC0-301F-11D3-BF4B-00C04F79EFBC}") = "Unity.VisualScripting.Flow.Editor", "Unity.VisualScripting.Flow.Editor.csproj", "{76B5406B-317C-0588-322B-7C7D39E96AD3}"
EndProject
Project("{FAE04EC0-301F-11D3-BF4B-00C04F79EFBC}") = "Unity.Rider.Editor", "Unity.Rider.Editor.csproj", "{27D7A9E0-C71D-FF33-C2F9-31CFCA635266}"
EndProject
Project("{FAE04EC0-301F-11D3-BF4B-00C04F79EFBC}") = "Unity.2D.Path.Editor", "Unity.2D.Path.Editor.csproj", "{562F9450-DC37-611E-E79B-4120F44746E1}"
EndProject
Project("{FAE04EC0-301F-11D3-BF4B-00C04F79EFBC}") = "PsdPlugin", "PsdPlugin.csproj", "{0E9F35FB-A593-1D07-F51C-B850D5B2D9BB}"
EndProject
Project("{FAE04EC0-301F-11D3-BF4B-00C04F79EFBC}") = "Unity.2D.IK.Editor", "Unity.2D.IK.Editor.csproj", "{436CC794-1F67-FC6B-D2D5-CBD2030F5793}"
EndProject
Project("{FAE04EC0-301F-11D3-BF4B-00C04F79EFBC}") = "Unity.2D.Psdimporter.Editor", "Unity.2D.Psdimporter.Editor.csproj", "{E7EBC09E-961D-AB56-7B3F-5C03B701DA3C}"
EndProject
Project("{FAE04EC0-301F-11D3-BF4B-00C04F79EFBC}") = "Unity.2D.SpriteShape.Editor", "Unity.2D.SpriteShape.Editor.csproj", "{15B40805-3778-C669-50C3-D67ADEC192F9}"
EndProject
Project("{FAE04EC0-301F-11D3-BF4B-00C04F79EFBC}") = "Unity.2D.Tilemap.Editor", "Unity.2D.Tilemap.Editor.csproj", "{63EC267A-AE34-A69E-28F5-B7911D2B0100}"
EndProject
Project("{FAE04EC0-301F-11D3-BF4B-00C04F79EFBC}") = "Unity.2D.PixelPerfect.Editor", "Unity.2D.PixelPerfect.Editor.csproj", "{7A12888A-F3AD-6713-0137-5316FF5A9BA8}"
EndProject
Project("{FAE04EC0-301F-11D3-BF4B-00C04F79EFBC}") = "Unity.VSCode.Editor", "Unity.VSCode.Editor.csproj", "{5A160352-73EC-EF99-8834-7743B2C6F340}"
EndProject
Project("{FAE04EC0-301F-11D3-BF4B-00C04F79EFBC}") = "Unity.2D.Sprite.Editor", "Unity.2D.Sprite.Editor.csproj", "{DF856CB8-43C2-683F-9DF6-8570A216B598}"
EndProject
Project("{FAE04EC0-301F-11D3-BF4B-00C04F79EFBC}") = "UnityEditor.UI", "UnityEditor.UI.csproj", "{A677DD1F-488F-689B-CCDA-C3961B79DB6A}"
EndProject
Project("{FAE04EC0-301F-11D3-BF4B-00C04F79EFBC}") = "Unity.Mathematics.Editor", "Unity.Mathematics.Editor.csproj", "{CAD28CF9-D3BC-D072-549E-1A50BD5FBC11}"
EndProject
Project("{FAE04EC0-301F-11D3-BF4B-00C04F79EFBC}") = "Unity.2D.Common.Editor", "Unity.2D.Common.Editor.csproj", "{1EA61B84-8851-4B6A-76C4-E1DBEE586B33}"
EndProject
Project("{FAE04EC0-301F-11D3-BF4B-00C04F79EFBC}") = "Unity.InternalAPIEditorBridge.001", "Unity.InternalAPIEditorBridge.001.csproj", "{F348832E-6A03-3A0B-30B1-DA75B8C623F1}"
EndProject
Project("{FAE04EC0-301F-11D3-BF4B-00C04F79EFBC}") = "UnityEngine.TestRunner", "UnityEngine.TestRunner.Player.csproj", "{246C5FC3-3B07-E8F9-0FF7-9CB95D01E3C3}"
EndProject
Project("{FAE04EC0-301F-11D3-BF4B-00C04F79EFBC}") = "UnityEngine.UI", "UnityEngine.UI.Player.csproj", "{B2A680D8-9C5E-373D-69DA-C9D4B198E782}"
EndProject
Project("{FAE04EC0-301F-11D3-BF4B-00C04F79EFBC}") = "Unity.Mathematics", "Unity.Mathematics.Player.csproj", "{EFD36AD8-32EF-CEBD-1CE8-81E6C3CBE04A}"
EndProject
Project("{FAE04EC0-301F-11D3-BF4B-00C04F79EFBC}") = "Unity.VisualScripting.State", "Unity.VisualScripting.State.Player.csproj", "{6416EDF5-7A6D-D959-322D-3AF7F3CE26F4}"
EndProject
Project("{FAE04EC0-301F-11D3-BF4B-00C04F79EFBC}") = "Unity.VisualScripting.Core", "Unity.VisualScripting.Core.Player.csproj", "{33E7263D-2DE6-1460-818E-135C795C114B}"
EndProject
Project("{FAE04EC0-301F-11D3-BF4B-00C04F79EFBC}") = "Unity.VisualScripting.Flow", "Unity.VisualScripting.Flow.Player.csproj", "{F4D86F69-2EE7-98B6-BFC8-7FFD8C2F2065}"
EndProject
Project("{FAE04EC0-301F-11D3-BF4B-00C04F79EFBC}") = "Unity.2D.Animation.Runtime", "Unity.2D.Animation.Runtime.Player.csproj", "{E5E56ADB-FCDC-BFF3-72F7-F6786C9358DB}"
EndProject
Project("{FAE04EC0-301F-11D3-BF4B-00C04F79EFBC}") = "Unity.TextMeshPro", "Unity.TextMeshPro.Player.csproj", "{18807060-0CF5-44DA-62B6-D50F155E783C}"
EndProject
Project("{FAE04EC0-301F-11D3-BF4B-00C04F79EFBC}") = "Unity.Timeline", "Unity.Timeline.Player.csproj", "{8E303882-E957-965A-654B-53239AB3BB95}"
EndProject
Project("{FAE04EC0-301F-11D3-BF4B-00C04F79EFBC}") = "Unity.2D.SpriteShape.Runtime", "Unity.2D.SpriteShape.Runtime.Player.csproj", "{209E942B-C2BD-E09D-AAFC-E790065AB91F}"
EndProject
Project("{FAE04EC0-301F-11D3-BF4B-00C04F79EFBC}") = "Unity.2D.Animation.Triangle.Runtime", "Unity.2D.Animation.Triangle.Runtime.Player.csproj", "{2487CA97-D818-F1F6-A3D8-6F4BA4411BA6}"
EndProject
Project("{FAE04EC0-301F-11D3-BF4B-00C04F79EFBC}") = "Unity.2D.PixelPerfect", "Unity.2D.PixelPerfect.Player.csproj", "{E3590C3B-91E3-0AF8-86FC-C8E28435C96E}"
EndProject
Project("{FAE04EC0-301F-11D3-BF4B-00C04F79EFBC}") = "Unity.2D.IK.Runtime", "Unity.2D.IK.Runtime.Player.csproj", "{E905729C-FAAD-57B2-CD15-92858BEC7513}"
EndProject
Project("{FAE04EC0-301F-11D3-BF4B-00C04F79EFBC}") = "Unity.2D.Common.Runtime", "Unity.2D.Common.Runtime.Player.csproj", "{832488D7-D22F-F329-C71C-BE972F356661}"
EndProject
Project("{FAE04EC0-301F-11D3-BF4B-00C04F79EFBC}") = "Unity.InternalAPIEngineBridge.001", "Unity.InternalAPIEngineBridge.001.Player.csproj", "{135B362B-4D8B-58FF-E4EF-F9159596B50D}"
EndProject
Global
	GlobalSection(SolutionConfigurationPlatforms) = preSolution
		Debug|Any CPU = Debug|Any CPU
		Release|Any CPU = Release|Any CPU
	EndGlobalSection
	GlobalSection(ProjectConfigurationPlatforms) = postSolution
		{452BF586-A501-36F1-7900-7BF106694060}.Debug|Any CPU.ActiveCfg = Debug|Any CPU
		{452BF586-A501-36F1-7900-7BF106694060}.Debug|Any CPU.Build.0 = Debug|Any CPU
		{452BF586-A501-36F1-7900-7BF106694060}.Release|Any CPU.ActiveCfg = Release|Any CPU
		{452BF586-A501-36F1-7900-7BF106694060}.Release|Any CPU.Build.0 = Release|Any CPU
		{8EF17E5F-3A03-5A2C-8030-1BF6306926F8}.Debug|Any CPU.ActiveCfg = Debug|Any CPU
		{8EF17E5F-3A03-5A2C-8030-1BF6306926F8}.Debug|Any CPU.Build.0 = Debug|Any CPU
		{8EF17E5F-3A03-5A2C-8030-1BF6306926F8}.Release|Any CPU.ActiveCfg = Release|Any CPU
		{8EF17E5F-3A03-5A2C-8030-1BF6306926F8}.Release|Any CPU.Build.0 = Release|Any CPU
		{12DF46E5-8F15-ACF8-76AE-A40772E5B00D}.Debug|Any CPU.ActiveCfg = Debug|Any CPU
		{12DF46E5-8F15-ACF8-76AE-A40772E5B00D}.Debug|Any CPU.Build.0 = Debug|Any CPU
		{12DF46E5-8F15-ACF8-76AE-A40772E5B00D}.Release|Any CPU.ActiveCfg = Release|Any CPU
		{12DF46E5-8F15-ACF8-76AE-A40772E5B00D}.Release|Any CPU.Build.0 = Release|Any CPU
		{38AD17B9-255A-C052-4254-BCD8C7B7F50D}.Debug|Any CPU.ActiveCfg = Debug|Any CPU
		{38AD17B9-255A-C052-4254-BCD8C7B7F50D}.Debug|Any CPU.Build.0 = Debug|Any CPU
		{38AD17B9-255A-C052-4254-BCD8C7B7F50D}.Release|Any CPU.ActiveCfg = Release|Any CPU
		{38AD17B9-255A-C052-4254-BCD8C7B7F50D}.Release|Any CPU.Build.0 = Release|Any CPU
		{3D5DA3FD-4932-5170-C177-04B812ADA08D}.Debug|Any CPU.ActiveCfg = Debug|Any CPU
		{3D5DA3FD-4932-5170-C177-04B812ADA08D}.Debug|Any CPU.Build.0 = Debug|Any CPU
		{3D5DA3FD-4932-5170-C177-04B812ADA08D}.Release|Any CPU.ActiveCfg = Release|Any CPU
		{3D5DA3FD-4932-5170-C177-04B812ADA08D}.Release|Any CPU.Build.0 = Release|Any CPU
		{34E71423-4CFE-658D-B0D6-E0DCFC2F9471}.Debug|Any CPU.ActiveCfg = Debug|Any CPU
		{34E71423-4CFE-658D-B0D6-E0DCFC2F9471}.Debug|Any CPU.Build.0 = Debug|Any CPU
		{34E71423-4CFE-658D-B0D6-E0DCFC2F9471}.Release|Any CPU.ActiveCfg = Release|Any CPU
		{34E71423-4CFE-658D-B0D6-E0DCFC2F9471}.Release|Any CPU.Build.0 = Release|Any CPU
		{947C489B-2D20-D469-7F3E-6173F1B3F41C}.Debug|Any CPU.ActiveCfg = Debug|Any CPU
		{947C489B-2D20-D469-7F3E-6173F1B3F41C}.Debug|Any CPU.Build.0 = Debug|Any CPU
		{947C489B-2D20-D469-7F3E-6173F1B3F41C}.Release|Any CPU.ActiveCfg = Release|Any CPU
		{947C489B-2D20-D469-7F3E-6173F1B3F41C}.Release|Any CPU.Build.0 = Release|Any CPU
		{8F72DE05-7EF8-EBFA-6413-8B03D0399079}.Debug|Any CPU.ActiveCfg = Debug|Any CPU
		{8F72DE05-7EF8-EBFA-6413-8B03D0399079}.Debug|Any CPU.Build.0 = Debug|Any CPU
		{8F72DE05-7EF8-EBFA-6413-8B03D0399079}.Release|Any CPU.ActiveCfg = Release|Any CPU
		{8F72DE05-7EF8-EBFA-6413-8B03D0399079}.Release|Any CPU.Build.0 = Release|Any CPU
		{DFD56D3D-5900-6F5B-BCE7-5B819AF5AB93}.Debug|Any CPU.ActiveCfg = Debug|Any CPU
		{DFD56D3D-5900-6F5B-BCE7-5B819AF5AB93}.Debug|Any CPU.Build.0 = Debug|Any CPU
		{DFD56D3D-5900-6F5B-BCE7-5B819AF5AB93}.Release|Any CPU.ActiveCfg = Release|Any CPU
		{DFD56D3D-5900-6F5B-BCE7-5B819AF5AB93}.Release|Any CPU.Build.0 = Release|Any CPU
		{EBEF335E-CC78-5E0A-F749-3BB366F79D9F}.Debug|Any CPU.ActiveCfg = Debug|Any CPU
		{EBEF335E-CC78-5E0A-F749-3BB366F79D9F}.Debug|Any CPU.Build.0 = Debug|Any CPU
		{EBEF335E-CC78-5E0A-F749-3BB366F79D9F}.Release|Any CPU.ActiveCfg = Release|Any CPU
		{EBEF335E-CC78-5E0A-F749-3BB366F79D9F}.Release|Any CPU.Build.0 = Release|Any CPU
		{AF4725E9-CD9A-D8A2-B03A-1FA6285608E8}.Debug|Any CPU.ActiveCfg = Debug|Any CPU
		{AF4725E9-CD9A-D8A2-B03A-1FA6285608E8}.Debug|Any CPU.Build.0 = Debug|Any CPU
		{AF4725E9-CD9A-D8A2-B03A-1FA6285608E8}.Release|Any CPU.ActiveCfg = Release|Any CPU
		{AF4725E9-CD9A-D8A2-B03A-1FA6285608E8}.Release|Any CPU.Build.0 = Release|Any CPU
		{BE9A1C3E-E082-643A-450D-B00F7F90ACBB}.Debug|Any CPU.ActiveCfg = Debug|Any CPU
		{BE9A1C3E-E082-643A-450D-B00F7F90ACBB}.Debug|Any CPU.Build.0 = Debug|Any CPU
		{BE9A1C3E-E082-643A-450D-B00F7F90ACBB}.Release|Any CPU.ActiveCfg = Release|Any CPU
		{BE9A1C3E-E082-643A-450D-B00F7F90ACBB}.Release|Any CPU.Build.0 = Release|Any CPU
		{A9BA05F8-A011-9409-512B-80AF45F9409F}.Debug|Any CPU.ActiveCfg = Debug|Any CPU
		{A9BA05F8-A011-9409-512B-80AF45F9409F}.Debug|Any CPU.Build.0 = Debug|Any CPU
		{A9BA05F8-A011-9409-512B-80AF45F9409F}.Release|Any CPU.ActiveCfg = Release|Any CPU
		{A9BA05F8-A011-9409-512B-80AF45F9409F}.Release|Any CPU.Build.0 = Release|Any CPU
		{E7B61F69-1008-8BCD-74F0-90B0DC6D5675}.Debug|Any CPU.ActiveCfg = Debug|Any CPU
		{E7B61F69-1008-8BCD-74F0-90B0DC6D5675}.Debug|Any CPU.Build.0 = Debug|Any CPU
		{E7B61F69-1008-8BCD-74F0-90B0DC6D5675}.Release|Any CPU.ActiveCfg = Release|Any CPU
		{E7B61F69-1008-8BCD-74F0-90B0DC6D5675}.Release|Any CPU.Build.0 = Release|Any CPU
		{E076E41D-CA74-E9F7-345A-D37F82690C7C}.Debug|Any CPU.ActiveCfg = Debug|Any CPU
		{E076E41D-CA74-E9F7-345A-D37F82690C7C}.Debug|Any CPU.Build.0 = Debug|Any CPU
		{E076E41D-CA74-E9F7-345A-D37F82690C7C}.Release|Any CPU.ActiveCfg = Release|Any CPU
		{E076E41D-CA74-E9F7-345A-D37F82690C7C}.Release|Any CPU.Build.0 = Release|Any CPU
		{9A1A1360-D34E-0F5C-4FF4-5AF9E891B610}.Debug|Any CPU.ActiveCfg = Debug|Any CPU
		{9A1A1360-D34E-0F5C-4FF4-5AF9E891B610}.Debug|Any CPU.Build.0 = Debug|Any CPU
		{9A1A1360-D34E-0F5C-4FF4-5AF9E891B610}.Release|Any CPU.ActiveCfg = Release|Any CPU
		{9A1A1360-D34E-0F5C-4FF4-5AF9E891B610}.Release|Any CPU.Build.0 = Release|Any CPU
		{CB19BF2C-F554-BF3C-4265-541091DAA377}.Debug|Any CPU.ActiveCfg = Debug|Any CPU
		{CB19BF2C-F554-BF3C-4265-541091DAA377}.Debug|Any CPU.Build.0 = Debug|Any CPU
		{CB19BF2C-F554-BF3C-4265-541091DAA377}.Release|Any CPU.ActiveCfg = Release|Any CPU
		{CB19BF2C-F554-BF3C-4265-541091DAA377}.Release|Any CPU.Build.0 = Release|Any CPU
		{33DF1F95-8DC2-CE02-2EF6-FBC6600370A3}.Debug|Any CPU.ActiveCfg = Debug|Any CPU
		{33DF1F95-8DC2-CE02-2EF6-FBC6600370A3}.Debug|Any CPU.Build.0 = Debug|Any CPU
		{33DF1F95-8DC2-CE02-2EF6-FBC6600370A3}.Release|Any CPU.ActiveCfg = Release|Any CPU
		{33DF1F95-8DC2-CE02-2EF6-FBC6600370A3}.Release|Any CPU.Build.0 = Release|Any CPU
		{18B87302-96D8-7104-505F-138A3355703E}.Debug|Any CPU.ActiveCfg = Debug|Any CPU
		{18B87302-96D8-7104-505F-138A3355703E}.Debug|Any CPU.Build.0 = Debug|Any CPU
		{18B87302-96D8-7104-505F-138A3355703E}.Release|Any CPU.ActiveCfg = Release|Any CPU
		{18B87302-96D8-7104-505F-138A3355703E}.Release|Any CPU.Build.0 = Release|Any CPU
		{C8BB20E2-7F15-E530-7C31-0DDED5553562}.Debug|Any CPU.ActiveCfg = Debug|Any CPU
		{C8BB20E2-7F15-E530-7C31-0DDED5553562}.Debug|Any CPU.Build.0 = Debug|Any CPU
		{C8BB20E2-7F15-E530-7C31-0DDED5553562}.Release|Any CPU.ActiveCfg = Release|Any CPU
		{C8BB20E2-7F15-E530-7C31-0DDED5553562}.Release|Any CPU.Build.0 = Release|Any CPU
		{FB5434AA-7D4D-B85F-BD87-B758AFBB7526}.Debug|Any CPU.ActiveCfg = Debug|Any CPU
		{FB5434AA-7D4D-B85F-BD87-B758AFBB7526}.Debug|Any CPU.Build.0 = Debug|Any CPU
		{FB5434AA-7D4D-B85F-BD87-B758AFBB7526}.Release|Any CPU.ActiveCfg = Release|Any CPU
		{FB5434AA-7D4D-B85F-BD87-B758AFBB7526}.Release|Any CPU.Build.0 = Release|Any CPU
		{A17AE0FC-873D-7B72-7355-8298233D9F1E}.Debug|Any CPU.ActiveCfg = Debug|Any CPU
		{A17AE0FC-873D-7B72-7355-8298233D9F1E}.Debug|Any CPU.Build.0 = Debug|Any CPU
		{A17AE0FC-873D-7B72-7355-8298233D9F1E}.Release|Any CPU.ActiveCfg = Release|Any CPU
		{A17AE0FC-873D-7B72-7355-8298233D9F1E}.Release|Any CPU.Build.0 = Release|Any CPU
		{9036A5C2-3573-C985-91F0-00F97B743CC9}.Debug|Any CPU.ActiveCfg = Debug|Any CPU
		{9036A5C2-3573-C985-91F0-00F97B743CC9}.Debug|Any CPU.Build.0 = Debug|Any CPU
		{9036A5C2-3573-C985-91F0-00F97B743CC9}.Release|Any CPU.ActiveCfg = Release|Any CPU
		{9036A5C2-3573-C985-91F0-00F97B743CC9}.Release|Any CPU.Build.0 = Release|Any CPU
		{60FE982C-229E-8015-7A20-A674122507A5}.Debug|Any CPU.ActiveCfg = Debug|Any CPU
		{60FE982C-229E-8015-7A20-A674122507A5}.Debug|Any CPU.Build.0 = Debug|Any CPU
		{60FE982C-229E-8015-7A20-A674122507A5}.Release|Any CPU.ActiveCfg = Release|Any CPU
		{60FE982C-229E-8015-7A20-A674122507A5}.Release|Any CPU.Build.0 = Release|Any CPU
		{76B5406B-317C-0588-322B-7C7D39E96AD3}.Debug|Any CPU.ActiveCfg = Debug|Any CPU
		{76B5406B-317C-0588-322B-7C7D39E96AD3}.Debug|Any CPU.Build.0 = Debug|Any CPU
		{76B5406B-317C-0588-322B-7C7D39E96AD3}.Release|Any CPU.ActiveCfg = Release|Any CPU
		{76B5406B-317C-0588-322B-7C7D39E96AD3}.Release|Any CPU.Build.0 = Release|Any CPU
		{27D7A9E0-C71D-FF33-C2F9-31CFCA635266}.Debug|Any CPU.ActiveCfg = Debug|Any CPU
		{27D7A9E0-C71D-FF33-C2F9-31CFCA635266}.Debug|Any CPU.Build.0 = Debug|Any CPU
		{27D7A9E0-C71D-FF33-C2F9-31CFCA635266}.Release|Any CPU.ActiveCfg = Release|Any CPU
		{27D7A9E0-C71D-FF33-C2F9-31CFCA635266}.Release|Any CPU.Build.0 = Release|Any CPU
		{562F9450-DC37-611E-E79B-4120F44746E1}.Debug|Any CPU.ActiveCfg = Debug|Any CPU
		{562F9450-DC37-611E-E79B-4120F44746E1}.Debug|Any CPU.Build.0 = Debug|Any CPU
		{562F9450-DC37-611E-E79B-4120F44746E1}.Release|Any CPU.ActiveCfg = Release|Any CPU
		{562F9450-DC37-611E-E79B-4120F44746E1}.Release|Any CPU.Build.0 = Release|Any CPU
		{0E9F35FB-A593-1D07-F51C-B850D5B2D9BB}.Debug|Any CPU.ActiveCfg = Debug|Any CPU
		{0E9F35FB-A593-1D07-F51C-B850D5B2D9BB}.Debug|Any CPU.Build.0 = Debug|Any CPU
		{0E9F35FB-A593-1D07-F51C-B850D5B2D9BB}.Release|Any CPU.ActiveCfg = Release|Any CPU
		{0E9F35FB-A593-1D07-F51C-B850D5B2D9BB}.Release|Any CPU.Build.0 = Release|Any CPU
		{436CC794-1F67-FC6B-D2D5-CBD2030F5793}.Debug|Any CPU.ActiveCfg = Debug|Any CPU
		{436CC794-1F67-FC6B-D2D5-CBD2030F5793}.Debug|Any CPU.Build.0 = Debug|Any CPU
		{436CC794-1F67-FC6B-D2D5-CBD2030F5793}.Release|Any CPU.ActiveCfg = Release|Any CPU
		{436CC794-1F67-FC6B-D2D5-CBD2030F5793}.Release|Any CPU.Build.0 = Release|Any CPU
		{E7EBC09E-961D-AB56-7B3F-5C03B701DA3C}.Debug|Any CPU.ActiveCfg = Debug|Any CPU
		{E7EBC09E-961D-AB56-7B3F-5C03B701DA3C}.Debug|Any CPU.Build.0 = Debug|Any CPU
		{E7EBC09E-961D-AB56-7B3F-5C03B701DA3C}.Release|Any CPU.ActiveCfg = Release|Any CPU
		{E7EBC09E-961D-AB56-7B3F-5C03B701DA3C}.Release|Any CPU.Build.0 = Release|Any CPU
		{15B40805-3778-C669-50C3-D67ADEC192F9}.Debug|Any CPU.ActiveCfg = Debug|Any CPU
		{15B40805-3778-C669-50C3-D67ADEC192F9}.Debug|Any CPU.Build.0 = Debug|Any CPU
		{15B40805-3778-C669-50C3-D67ADEC192F9}.Release|Any CPU.ActiveCfg = Release|Any CPU
		{15B40805-3778-C669-50C3-D67ADEC192F9}.Release|Any CPU.Build.0 = Release|Any CPU
		{63EC267A-AE34-A69E-28F5-B7911D2B0100}.Debug|Any CPU.ActiveCfg = Debug|Any CPU
		{63EC267A-AE34-A69E-28F5-B7911D2B0100}.Debug|Any CPU.Build.0 = Debug|Any CPU
		{63EC267A-AE34-A69E-28F5-B7911D2B0100}.Release|Any CPU.ActiveCfg = Release|Any CPU
		{63EC267A-AE34-A69E-28F5-B7911D2B0100}.Release|Any CPU.Build.0 = Release|Any CPU
		{7A12888A-F3AD-6713-0137-5316FF5A9BA8}.Debug|Any CPU.ActiveCfg = Debug|Any CPU
		{7A12888A-F3AD-6713-0137-5316FF5A9BA8}.Debug|Any CPU.Build.0 = Debug|Any CPU
		{7A12888A-F3AD-6713-0137-5316FF5A9BA8}.Release|Any CPU.ActiveCfg = Release|Any CPU
		{7A12888A-F3AD-6713-0137-5316FF5A9BA8}.Release|Any CPU.Build.0 = Release|Any CPU
		{5A160352-73EC-EF99-8834-7743B2C6F340}.Debug|Any CPU.ActiveCfg = Debug|Any CPU
		{5A160352-73EC-EF99-8834-7743B2C6F340}.Debug|Any CPU.Build.0 = Debug|Any CPU
		{5A160352-73EC-EF99-8834-7743B2C6F340}.Release|Any CPU.ActiveCfg = Release|Any CPU
		{5A160352-73EC-EF99-8834-7743B2C6F340}.Release|Any CPU.Build.0 = Release|Any CPU
		{DF856CB8-43C2-683F-9DF6-8570A216B598}.Debug|Any CPU.ActiveCfg = Debug|Any CPU
		{DF856CB8-43C2-683F-9DF6-8570A216B598}.Debug|Any CPU.Build.0 = Debug|Any CPU
		{DF856CB8-43C2-683F-9DF6-8570A216B598}.Release|Any CPU.ActiveCfg = Release|Any CPU
		{DF856CB8-43C2-683F-9DF6-8570A216B598}.Release|Any CPU.Build.0 = Release|Any CPU
		{A677DD1F-488F-689B-CCDA-C3961B79DB6A}.Debug|Any CPU.ActiveCfg = Debug|Any CPU
		{A677DD1F-488F-689B-CCDA-C3961B79DB6A}.Debug|Any CPU.Build.0 = Debug|Any CPU
		{A677DD1F-488F-689B-CCDA-C3961B79DB6A}.Release|Any CPU.ActiveCfg = Release|Any CPU
		{A677DD1F-488F-689B-CCDA-C3961B79DB6A}.Release|Any CPU.Build.0 = Release|Any CPU
		{CAD28CF9-D3BC-D072-549E-1A50BD5FBC11}.Debug|Any CPU.ActiveCfg = Debug|Any CPU
		{CAD28CF9-D3BC-D072-549E-1A50BD5FBC11}.Debug|Any CPU.Build.0 = Debug|Any CPU
		{CAD28CF9-D3BC-D072-549E-1A50BD5FBC11}.Release|Any CPU.ActiveCfg = Release|Any CPU
		{CAD28CF9-D3BC-D072-549E-1A50BD5FBC11}.Release|Any CPU.Build.0 = Release|Any CPU
		{1EA61B84-8851-4B6A-76C4-E1DBEE586B33}.Debug|Any CPU.ActiveCfg = Debug|Any CPU
		{1EA61B84-8851-4B6A-76C4-E1DBEE586B33}.Debug|Any CPU.Build.0 = Debug|Any CPU
		{1EA61B84-8851-4B6A-76C4-E1DBEE586B33}.Release|Any CPU.ActiveCfg = Release|Any CPU
		{1EA61B84-8851-4B6A-76C4-E1DBEE586B33}.Release|Any CPU.Build.0 = Release|Any CPU
		{F348832E-6A03-3A0B-30B1-DA75B8C623F1}.Debug|Any CPU.ActiveCfg = Debug|Any CPU
		{F348832E-6A03-3A0B-30B1-DA75B8C623F1}.Debug|Any CPU.Build.0 = Debug|Any CPU
		{F348832E-6A03-3A0B-30B1-DA75B8C623F1}.Release|Any CPU.ActiveCfg = Release|Any CPU
		{F348832E-6A03-3A0B-30B1-DA75B8C623F1}.Release|Any CPU.Build.0 = Release|Any CPU
		{246C5FC3-3B07-E8F9-0FF7-9CB95D01E3C3}.Debug|Any CPU.ActiveCfg = Debug|Any CPU
		{246C5FC3-3B07-E8F9-0FF7-9CB95D01E3C3}.Debug|Any CPU.Build.0 = Debug|Any CPU
		{246C5FC3-3B07-E8F9-0FF7-9CB95D01E3C3}.Release|Any CPU.ActiveCfg = Release|Any CPU
		{246C5FC3-3B07-E8F9-0FF7-9CB95D01E3C3}.Release|Any CPU.Build.0 = Release|Any CPU
		{B2A680D8-9C5E-373D-69DA-C9D4B198E782}.Debug|Any CPU.ActiveCfg = Debug|Any CPU
		{B2A680D8-9C5E-373D-69DA-C9D4B198E782}.Debug|Any CPU.Build.0 = Debug|Any CPU
		{B2A680D8-9C5E-373D-69DA-C9D4B198E782}.Release|Any CPU.ActiveCfg = Release|Any CPU
		{B2A680D8-9C5E-373D-69DA-C9D4B198E782}.Release|Any CPU.Build.0 = Release|Any CPU
		{EFD36AD8-32EF-CEBD-1CE8-81E6C3CBE04A}.Debug|Any CPU.ActiveCfg = Debug|Any CPU
		{EFD36AD8-32EF-CEBD-1CE8-81E6C3CBE04A}.Debug|Any CPU.Build.0 = Debug|Any CPU
		{EFD36AD8-32EF-CEBD-1CE8-81E6C3CBE04A}.Release|Any CPU.ActiveCfg = Release|Any CPU
		{EFD36AD8-32EF-CEBD-1CE8-81E6C3CBE04A}.Release|Any CPU.Build.0 = Release|Any CPU
		{6416EDF5-7A6D-D959-322D-3AF7F3CE26F4}.Debug|Any CPU.ActiveCfg = Debug|Any CPU
		{6416EDF5-7A6D-D959-322D-3AF7F3CE26F4}.Debug|Any CPU.Build.0 = Debug|Any CPU
		{6416EDF5-7A6D-D959-322D-3AF7F3CE26F4}.Release|Any CPU.ActiveCfg = Release|Any CPU
		{6416EDF5-7A6D-D959-322D-3AF7F3CE26F4}.Release|Any CPU.Build.0 = Release|Any CPU
		{33E7263D-2DE6-1460-818E-135C795C114B}.Debug|Any CPU.ActiveCfg = Debug|Any CPU
		{33E7263D-2DE6-1460-818E-135C795C114B}.Debug|Any CPU.Build.0 = Debug|Any CPU
		{33E7263D-2DE6-1460-818E-135C795C114B}.Release|Any CPU.ActiveCfg = Release|Any CPU
		{33E7263D-2DE6-1460-818E-135C795C114B}.Release|Any CPU.Build.0 = Release|Any CPU
		{F4D86F69-2EE7-98B6-BFC8-7FFD8C2F2065}.Debug|Any CPU.ActiveCfg = Debug|Any CPU
		{F4D86F69-2EE7-98B6-BFC8-7FFD8C2F2065}.Debug|Any CPU.Build.0 = Debug|Any CPU
		{F4D86F69-2EE7-98B6-BFC8-7FFD8C2F2065}.Release|Any CPU.ActiveCfg = Release|Any CPU
		{F4D86F69-2EE7-98B6-BFC8-7FFD8C2F2065}.Release|Any CPU.Build.0 = Release|Any CPU
		{E5E56ADB-FCDC-BFF3-72F7-F6786C9358DB}.Debug|Any CPU.ActiveCfg = Debug|Any CPU
		{E5E56ADB-FCDC-BFF3-72F7-F6786C9358DB}.Debug|Any CPU.Build.0 = Debug|Any CPU
		{E5E56ADB-FCDC-BFF3-72F7-F6786C9358DB}.Release|Any CPU.ActiveCfg = Release|Any CPU
		{E5E56ADB-FCDC-BFF3-72F7-F6786C9358DB}.Release|Any CPU.Build.0 = Release|Any CPU
		{18807060-0CF5-44DA-62B6-D50F155E783C}.Debug|Any CPU.ActiveCfg = Debug|Any CPU
		{18807060-0CF5-44DA-62B6-D50F155E783C}.Debug|Any CPU.Build.0 = Debug|Any CPU
		{18807060-0CF5-44DA-62B6-D50F155E783C}.Release|Any CPU.ActiveCfg = Release|Any CPU
		{18807060-0CF5-44DA-62B6-D50F155E783C}.Release|Any CPU.Build.0 = Release|Any CPU
		{8E303882-E957-965A-654B-53239AB3BB95}.Debug|Any CPU.ActiveCfg = Debug|Any CPU
		{8E303882-E957-965A-654B-53239AB3BB95}.Debug|Any CPU.Build.0 = Debug|Any CPU
		{8E303882-E957-965A-654B-53239AB3BB95}.Release|Any CPU.ActiveCfg = Release|Any CPU
		{8E303882-E957-965A-654B-53239AB3BB95}.Release|Any CPU.Build.0 = Release|Any CPU
		{209E942B-C2BD-E09D-AAFC-E790065AB91F}.Debug|Any CPU.ActiveCfg = Debug|Any CPU
		{209E942B-C2BD-E09D-AAFC-E790065AB91F}.Debug|Any CPU.Build.0 = Debug|Any CPU
		{209E942B-C2BD-E09D-AAFC-E790065AB91F}.Release|Any CPU.ActiveCfg = Release|Any CPU
		{209E942B-C2BD-E09D-AAFC-E790065AB91F}.Release|Any CPU.Build.0 = Release|Any CPU
		{2487CA97-D818-F1F6-A3D8-6F4BA4411BA6}.Debug|Any CPU.ActiveCfg = Debug|Any CPU
		{2487CA97-D818-F1F6-A3D8-6F4BA4411BA6}.Debug|Any CPU.Build.0 = Debug|Any CPU
		{2487CA97-D818-F1F6-A3D8-6F4BA4411BA6}.Release|Any CPU.ActiveCfg = Release|Any CPU
		{2487CA97-D818-F1F6-A3D8-6F4BA4411BA6}.Release|Any CPU.Build.0 = Release|Any CPU
		{E3590C3B-91E3-0AF8-86FC-C8E28435C96E}.Debug|Any CPU.ActiveCfg = Debug|Any CPU
		{E3590C3B-91E3-0AF8-86FC-C8E28435C96E}.Debug|Any CPU.Build.0 = Debug|Any CPU
		{E3590C3B-91E3-0AF8-86FC-C8E28435C96E}.Release|Any CPU.ActiveCfg = Release|Any CPU
		{E3590C3B-91E3-0AF8-86FC-C8E28435C96E}.Release|Any CPU.Build.0 = Release|Any CPU
		{E905729C-FAAD-57B2-CD15-92858BEC7513}.Debug|Any CPU.ActiveCfg = Debug|Any CPU
		{E905729C-FAAD-57B2-CD15-92858BEC7513}.Debug|Any CPU.Build.0 = Debug|Any CPU
		{E905729C-FAAD-57B2-CD15-92858BEC7513}.Release|Any CPU.ActiveCfg = Release|Any CPU
		{E905729C-FAAD-57B2-CD15-92858BEC7513}.Release|Any CPU.Build.0 = Release|Any CPU
		{832488D7-D22F-F329-C71C-BE972F356661}.Debug|Any CPU.ActiveCfg = Debug|Any CPU
		{832488D7-D22F-F329-C71C-BE972F356661}.Debug|Any CPU.Build.0 = Debug|Any CPU
		{832488D7-D22F-F329-C71C-BE972F356661}.Release|Any CPU.ActiveCfg = Release|Any CPU
		{832488D7-D22F-F329-C71C-BE972F356661}.Release|Any CPU.Build.0 = Release|Any CPU
		{135B362B-4D8B-58FF-E4EF-F9159596B50D}.Debug|Any CPU.ActiveCfg = Debug|Any CPU
		{135B362B-4D8B-58FF-E4EF-F9159596B50D}.Debug|Any CPU.Build.0 = Debug|Any CPU
		{135B362B-4D8B-58FF-E4EF-F9159596B50D}.Release|Any CPU.ActiveCfg = Release|Any CPU
		{135B362B-4D8B-58FF-E4EF-F9159596B50D}.Release|Any CPU.Build.0 = Release|Any CPU
	EndGlobalSection
	GlobalSection(SolutionProperties) = preSolution
		HideSolutionNode = FALSE
	EndGlobalSection
EndGlobal
